
Microsoft Visual Studio Solution File, Format Version 12.00
# Visual Studio Version 16
VisualStudioVersion = 16.0.32106.194
MinimumVisualStudioVersion = 10.0.40219.1
Project("{9A19103F-16F7-4668-BE54-9A1E7A4F7556}") = "ArtApp", "ArtApp\ArtApp.csproj", "{BB7049A7-8631-4C2E-94D4-36CF3455019E}"
EndProject
Project("{FAE04EC0-301F-11D3-BF4B-00C04F79EFBC}") = "Basic_APi", "Basic_APi\Basic_APi.csproj", "{B8D25C72-7F7F-49B6-96C1-C31221D16FD7}"
EndProject
Project("{FAE04EC0-301F-11D3-BF4B-00C04F79EFBC}") = "DBAPI", "DBAPI\DBAPI.csproj", "{C45DDB6A-142B-4109-B3A7-A1FCFB85ACF5}"
EndProject
Project("{FAE04EC0-301F-11D3-BF4B-00C04F79EFBC}") = "PartsAPi", "PartsAPi\PartsAPi.csproj", "{F49D8261-53FE-428D-96CD-721C5F5D31B4}"
EndProject
Global
	GlobalSection(SolutionConfigurationPlatforms) = preSolution
		Debug|Any CPU = Debug|Any CPU
		Release|Any CPU = Release|Any CPU
	EndGlobalSection
	GlobalSection(ProjectConfigurationPlatforms) = postSolution
		{BB7049A7-8631-4C2E-94D4-36CF3455019E}.Debug|Any CPU.ActiveCfg = Debug|Any CPU
		{BB7049A7-8631-4C2E-94D4-36CF3455019E}.Debug|Any CPU.Build.0 = Debug|Any CPU
		{BB7049A7-8631-4C2E-94D4-36CF3455019E}.Release|Any CPU.ActiveCfg = Release|Any CPU
		{BB7049A7-8631-4C2E-94D4-36CF3455019E}.Release|Any CPU.Build.0 = Release|Any CPU
		{B8D25C72-7F7F-49B6-96C1-C31221D16FD7}.Debug|Any CPU.ActiveCfg = Debug|Any CPU
		{B8D25C72-7F7F-49B6-96C1-C31221D16FD7}.Debug|Any CPU.Build.0 = Debug|Any CPU
		{B8D25C72-7F7F-49B6-96C1-C31221D16FD7}.Release|Any CPU.ActiveCfg = Release|Any CPU
		{B8D25C72-7F7F-49B6-96C1-C31221D16FD7}.Release|Any CPU.Build.0 = Release|Any CPU
		{C45DDB6A-142B-4109-B3A7-A1FCFB85ACF5}.Debug|Any CPU.ActiveCfg = Debug|Any CPU
		{C45DDB6A-142B-4109-B3A7-A1FCFB85ACF5}.Debug|Any CPU.Build.0 = Debug|Any CPU
		{C45DDB6A-142B-4109-B3A7-A1FCFB85ACF5}.Release|Any CPU.ActiveCfg = Release|Any CPU
		{C45DDB6A-142B-4109-B3A7-A1FCFB85ACF5}.Release|Any CPU.Build.0 = Release|Any CPU
		{F49D8261-53FE-428D-96CD-721C5F5D31B4}.Debug|Any CPU.ActiveCfg = Debug|Any CPU
		{F49D8261-53FE-428D-96CD-721C5F5D31B4}.Debug|Any CPU.Build.0 = Debug|Any CPU
		{F49D8261-53FE-428D-96CD-721C5F5D31B4}.Release|Any CPU.ActiveCfg = Release|Any CPU
		{F49D8261-53FE-428D-96CD-721C5F5D31B4}.Release|Any CPU.Build.0 = Release|Any CPU
	EndGlobalSection
	GlobalSection(SolutionProperties) = preSolution
		HideSolutionNode = FALSE
	EndGlobalSection
	GlobalSection(ExtensibilityGlobals) = postSolution
		SolutionGuid = {BE91C625-8E36-413F-BB7C-01E252EDE4BE}
	EndGlobalSection
EndGlobal
